# THIS IS AN AUTOGENERATED FILE. DO NOT EDIT THIS FILE DIRECTLY.
# yarn lockfile v1


"@types/lodash@^4.14.202":
  "integrity" "sha512-OvlIYQK9tNneDlS0VN54LLd5uiPCBOp7gS5Z0f1mjoJYBrtStzgmJBxONW3U6OZqdtNzZPmn9BS/7WI7BFFcFQ=="
  "resolved" "https://registry.npmjs.org/@types/lodash/-/lodash-4.14.202.tgz"
  "version" "4.14.202"

"jwt-decode@^4.0.0":
  "integrity" "sha512-+KJGIyHgkGuIq3IEBNftfhW/LfWhXUIY6OmyVWjliu5KH1y0fw7VQ8YndE2O4qZdMSd9SqbnC8GOcZEy0Om7sA=="
  "resolved" "https://registry.npmjs.org/jwt-decode/-/jwt-decode-4.0.0.tgz"
  "version" "4.0.0"
